
Microsoft Visual Studio Solution File, Format Version 12.00
# Visual Studio 15
VisualStudioVersion = 15.0.28307.572
MinimumVisualStudioVersion = 10.0.40219.1
Project("{888888A0-9F3D-457C-B088-3A5042F75D52}") = "fuck_ssoier_cn", "fuck_ssoier_cn\fuck_ssoier_cn.pyproj", "{9F1932E7-675C-4C30-ADEF-AD35C3FC05B4}"
EndProject
Global
	GlobalSection(SolutionConfigurationPlatforms) = preSolution
		Debug|Any CPU = Debug|Any CPU
		Release|Any CPU = Release|Any CPU
	EndGlobalSection
	GlobalSection(ProjectConfigurationPlatforms) = postSolution
		{9F1932E7-675C-4C30-ADEF-AD35C3FC05B4}.Debug|Any CPU.ActiveCfg = Debug|Any CPU
		{9F1932E7-675C-4C30-ADEF-AD35C3FC05B4}.Release|Any CPU.ActiveCfg = Release|Any CPU
	EndGlobalSection
	GlobalSection(SolutionProperties) = preSolution
		HideSolutionNode = FALSE
	EndGlobalSection
	GlobalSection(ExtensibilityGlobals) = postSolution
		SolutionGuid = {058A1B1D-3E06-4626-8214-26F5F8829EB6}
	EndGlobalSection
EndGlobal
